
Microsoft Visual Studio Solution File, Format Version 12.00
# Visual Studio Version 16
VisualStudioVersion = 16.0.33927.289
MinimumVisualStudioVersion = 10.0.40219.1
Project("{F184B08F-C81C-45F6-A57F-5ABD9991F28F}") = "UserDetails", "UserDetails\UserDetails.vbproj", "{0BFD40D4-9671-40A2-9A11-1BD1FE4DDE16}"
EndProject
Global
	GlobalSection(SolutionConfigurationPlatforms) = preSolution
		Debug|Any CPU = Debug|Any CPU
		Release|Any CPU = Release|Any CPU
	EndGlobalSection
	GlobalSection(ProjectConfigurationPlatforms) = postSolution
		{0BFD40D4-9671-40A2-9A11-1BD1FE4DDE16}.Debug|Any CPU.ActiveCfg = Debug|Any CPU
		{0BFD40D4-9671-40A2-9A11-1BD1FE4DDE16}.Debug|Any CPU.Build.0 = Debug|Any CPU
		{0BFD40D4-9671-40A2-9A11-1BD1FE4DDE16}.Release|Any CPU.ActiveCfg = Release|Any CPU
		{0BFD40D4-9671-40A2-9A11-1BD1FE4DDE16}.Release|Any CPU.Build.0 = Release|Any CPU
	EndGlobalSection
	GlobalSection(SolutionProperties) = preSolution
		HideSolutionNode = FALSE
	EndGlobalSection
	GlobalSection(ExtensibilityGlobals) = postSolution
		SolutionGuid = {D6E85098-FDC1-4E75-A4DF-CF73DAAC99A0}
	EndGlobalSection
EndGlobal
